
Microsoft Visual Studio Solution File, Format Version 12.00
# Visual Studio 2013
VisualStudioVersion = 12.0.21005.1
MinimumVisualStudioVersion = 10.0.40219.1
Project("{2150E333-8FDC-42A3-9474-1A3956D46DE8}") = "Common", "Common", "{E014ECED-5FCD-4856-965D-460C47F5A722}"
EndProject
Project("{2150E333-8FDC-42A3-9474-1A3956D46DE8}") = "Model", "Model", "{F9823B87-E590-4D38-8A7B-A46889237FF9}"
EndProject
Project("{2150E333-8FDC-42A3-9474-1A3956D46DE8}") = "Presentation", "Presentation", "{24122DC9-5445-467F-8CCC-06674BCA5EDC}"
EndProject
Project("{2150E333-8FDC-42A3-9474-1A3956D46DE8}") = "Repository", "Repository", "{AC0F0ABE-3346-4395-B898-4B3E03B4F5D3}"
EndProject
Project("{2150E333-8FDC-42A3-9474-1A3956D46DE8}") = "Service", "Service", "{E2D9CEC1-821C-4AC0-8EDA-753B62383935}"
EndProject
Project("{2150E333-8FDC-42A3-9474-1A3956D46DE8}") = "Utility", "Utility", "{BD553FB0-EC88-4BCD-8C6D-210266EBFD12}"
EndProject
Project("{FAE04EC0-301F-11D3-BF4B-00C04F79EFBC}") = "Tuhui.Reception.Model", "Model\Tuhui.Reception.Model\Tuhui.Reception.Model.csproj", "{2B88A88A-23D2-4DA9-A83C-7174932511F0}"
EndProject
Project("{2150E333-8FDC-42A3-9474-1A3956D46DE8}") = "WebUI", "WebUI", "{CF196249-9561-4036-A86F-A3925811955E}"
EndProject
Project("{FAE04EC0-301F-11D3-BF4B-00C04F79EFBC}") = "Tuhui.Reception.WebUI", "Presentation\WebUI\Tuhui.Reception.WebUI\Tuhui.Reception.WebUI.csproj", "{DAFC8868-84BD-4173-9350-A664D0DF8B1A}"
EndProject
Project("{FAE04EC0-301F-11D3-BF4B-00C04F79EFBC}") = "Tuhui.Reception.Repository", "Repository\Tuhui.Reception.Repository\Tuhui.Reception.Repository.csproj", "{3219C314-604D-4C4A-A543-42E12C4F16C2}"
EndProject
Project("{FAE04EC0-301F-11D3-BF4B-00C04F79EFBC}") = "Tuhui.Reception.Service", "Service\Tuhui.Reception.Service\Tuhui.Reception.Service.csproj", "{F785E547-76B0-4418-8138-000E37723F7E}"
EndProject
Project("{FAE04EC0-301F-11D3-BF4B-00C04F79EFBC}") = "Tuhui.Reception.Utility", "Utility\Tuhui.Reception.Utility\Tuhui.Reception.Utility.csproj", "{6B567836-F130-4459-97B8-925BCB046F94}"
EndProject
Project("{2150E333-8FDC-42A3-9474-1A3956D46DE8}") = "ASP.NET MVC", "ASP.NET MVC", "{9B994CAA-0179-4463-AAAB-8A7873D3729C}"
EndProject
Project("{2150E333-8FDC-42A3-9474-1A3956D46DE8}") = "Cache", "Cache", "{4BCED6C2-7342-45AC-9A62-8094D01755C9}"
EndProject
Project("{2150E333-8FDC-42A3-9474-1A3956D46DE8}") = "Communication", "Communication", "{A8A98759-5DD8-49B6-A148-3C900A6428BB}"
EndProject
Project("{2150E333-8FDC-42A3-9474-1A3956D46DE8}") = "Environment", "Environment", "{39DF4251-689D-4852-BBC8-E229DA1F8E5E}"
EndProject
Project("{2150E333-8FDC-42A3-9474-1A3956D46DE8}") = "Exception", "Exception", "{A0D700C5-0F22-486D-80DA-C424455AA665}"
EndProject
Project("{2150E333-8FDC-42A3-9474-1A3956D46DE8}") = "Framework", "Framework", "{70828D8F-D172-488F-AA32-55F672E10A83}"
EndProject
Project("{2150E333-8FDC-42A3-9474-1A3956D46DE8}") = "Log", "Log", "{07646449-7B9A-4D7E-A1F1-9BFC59EA735C}"
EndProject
Project("{2150E333-8FDC-42A3-9474-1A3956D46DE8}") = "Utility", "Utility", "{5BC6A812-316A-40C6-91DD-3C63AB800003}"
EndProject
Project("{FAE04EC0-301F-11D3-BF4B-00C04F79EFBC}") = "Tuhui.Common45.Mvc", "Common\ASP.NET MVC\Tuhui.Common45.Mvc\Tuhui.Common45.Mvc.csproj", "{5EEAA005-0C9F-4352-A91C-1A0C79E5FF19}"
EndProject
Project("{FAE04EC0-301F-11D3-BF4B-00C04F79EFBC}") = "Tuhui.Common45.Cache", "Common\Cache\Tuhui.Common45.Cache\Tuhui.Common45.Cache.csproj", "{F9D262FF-5C28-42B2-A849-0D1990046AAD}"
EndProject
Project("{FAE04EC0-301F-11D3-BF4B-00C04F79EFBC}") = "Tuhui.Common45.Communication", "Common\Communication\Tuhui.Common45.Communication\Tuhui.Common45.Communication.csproj", "{679B2C56-6A7F-4280-B733-35BD8949C8EF}"
EndProject
Project("{FAE04EC0-301F-11D3-BF4B-00C04F79EFBC}") = "Tuhui.Common45.Environment", "Common\Environment\Tuhui.Common45.Environment\Tuhui.Common45.Environment.csproj", "{D52F1EB7-D3D0-47A8-8E1D-63E3B7C73B3D}"
EndProject
Project("{FAE04EC0-301F-11D3-BF4B-00C04F79EFBC}") = "Tuhui.Common45.Exception", "Common\Exception\Tuhui.Common45.Exception\Tuhui.Common45.Exception.csproj", "{A5F15426-DCC1-4A40-988F-0FB33CED5A4E}"
EndProject
Project("{FAE04EC0-301F-11D3-BF4B-00C04F79EFBC}") = "Tuhui.Common45.Framework", "Common\Framework\Tuhui.Common45.Framework\Tuhui.Common45.Framework.csproj", "{B208CD6F-1B08-41BB-B72C-D12B2C07E657}"
EndProject
Project("{FAE04EC0-301F-11D3-BF4B-00C04F79EFBC}") = "Tuhui.Common45.Log", "Common\Log\Tuhui.Common45.Log\Tuhui.Common45.Log.csproj", "{20ACFC55-C57D-4C55-8BF0-B36DF8C91579}"
EndProject
Project("{FAE04EC0-301F-11D3-BF4B-00C04F79EFBC}") = "Tuhui.Common45.Utility", "Common\Utility\Tuhui.Common45.Utility\Tuhui.Common45.Utility.csproj", "{A0C15460-2E6B-496F-AFA8-D8D0FAF5C676}"
EndProject
Project("{2150E333-8FDC-42A3-9474-1A3956D46DE8}") = "Mvc", "Mvc", "{5846428A-DF7B-4190-9C2B-E391913C39B5}"
EndProject
Project("{FAE04EC0-301F-11D3-BF4B-00C04F79EFBC}") = "Tuhui.Reception.Mvc", "Presentation\Mvc\Tuhui.Reception.Mvc\Tuhui.Reception.Mvc.csproj", "{95FAC928-D0B2-4832-BE99-2324B8417048}"
EndProject
Global
	GlobalSection(SolutionConfigurationPlatforms) = preSolution
		Debug|Any CPU = Debug|Any CPU
		Release|Any CPU = Release|Any CPU
	EndGlobalSection
	GlobalSection(ProjectConfigurationPlatforms) = postSolution
		{2B88A88A-23D2-4DA9-A83C-7174932511F0}.Debug|Any CPU.ActiveCfg = Debug|Any CPU
		{2B88A88A-23D2-4DA9-A83C-7174932511F0}.Debug|Any CPU.Build.0 = Debug|Any CPU
		{2B88A88A-23D2-4DA9-A83C-7174932511F0}.Release|Any CPU.ActiveCfg = Release|Any CPU
		{2B88A88A-23D2-4DA9-A83C-7174932511F0}.Release|Any CPU.Build.0 = Release|Any CPU
		{DAFC8868-84BD-4173-9350-A664D0DF8B1A}.Debug|Any CPU.ActiveCfg = Debug|Any CPU
		{DAFC8868-84BD-4173-9350-A664D0DF8B1A}.Debug|Any CPU.Build.0 = Debug|Any CPU
		{DAFC8868-84BD-4173-9350-A664D0DF8B1A}.Release|Any CPU.ActiveCfg = Release|Any CPU
		{DAFC8868-84BD-4173-9350-A664D0DF8B1A}.Release|Any CPU.Build.0 = Release|Any CPU
		{3219C314-604D-4C4A-A543-42E12C4F16C2}.Debug|Any CPU.ActiveCfg = Debug|Any CPU
		{3219C314-604D-4C4A-A543-42E12C4F16C2}.Debug|Any CPU.Build.0 = Debug|Any CPU
		{3219C314-604D-4C4A-A543-42E12C4F16C2}.Release|Any CPU.ActiveCfg = Release|Any CPU
		{3219C314-604D-4C4A-A543-42E12C4F16C2}.Release|Any CPU.Build.0 = Release|Any CPU
		{F785E547-76B0-4418-8138-000E37723F7E}.Debug|Any CPU.ActiveCfg = Debug|Any CPU
		{F785E547-76B0-4418-8138-000E37723F7E}.Debug|Any CPU.Build.0 = Debug|Any CPU
		{F785E547-76B0-4418-8138-000E37723F7E}.Release|Any CPU.ActiveCfg = Release|Any CPU
		{F785E547-76B0-4418-8138-000E37723F7E}.Release|Any CPU.Build.0 = Release|Any CPU
		{6B567836-F130-4459-97B8-925BCB046F94}.Debug|Any CPU.ActiveCfg = Debug|Any CPU
		{6B567836-F130-4459-97B8-925BCB046F94}.Debug|Any CPU.Build.0 = Debug|Any CPU
		{6B567836-F130-4459-97B8-925BCB046F94}.Release|Any CPU.ActiveCfg = Release|Any CPU
		{6B567836-F130-4459-97B8-925BCB046F94}.Release|Any CPU.Build.0 = Release|Any CPU
		{5EEAA005-0C9F-4352-A91C-1A0C79E5FF19}.Debug|Any CPU.ActiveCfg = Debug|Any CPU
		{5EEAA005-0C9F-4352-A91C-1A0C79E5FF19}.Debug|Any CPU.Build.0 = Debug|Any CPU
		{5EEAA005-0C9F-4352-A91C-1A0C79E5FF19}.Release|Any CPU.ActiveCfg = Release|Any CPU
		{5EEAA005-0C9F-4352-A91C-1A0C79E5FF19}.Release|Any CPU.Build.0 = Release|Any CPU
		{F9D262FF-5C28-42B2-A849-0D1990046AAD}.Debug|Any CPU.ActiveCfg = Debug|Any CPU
		{F9D262FF-5C28-42B2-A849-0D1990046AAD}.Debug|Any CPU.Build.0 = Debug|Any CPU
		{F9D262FF-5C28-42B2-A849-0D1990046AAD}.Release|Any CPU.ActiveCfg = Release|Any CPU
		{F9D262FF-5C28-42B2-A849-0D1990046AAD}.Release|Any CPU.Build.0 = Release|Any CPU
		{679B2C56-6A7F-4280-B733-35BD8949C8EF}.Debug|Any CPU.ActiveCfg = Debug|Any CPU
		{679B2C56-6A7F-4280-B733-35BD8949C8EF}.Debug|Any CPU.Build.0 = Debug|Any CPU
		{679B2C56-6A7F-4280-B733-35BD8949C8EF}.Release|Any CPU.ActiveCfg = Release|Any CPU
		{679B2C56-6A7F-4280-B733-35BD8949C8EF}.Release|Any CPU.Build.0 = Release|Any CPU
		{D52F1EB7-D3D0-47A8-8E1D-63E3B7C73B3D}.Debug|Any CPU.ActiveCfg = Debug|Any CPU
		{D52F1EB7-D3D0-47A8-8E1D-63E3B7C73B3D}.Debug|Any CPU.Build.0 = Debug|Any CPU
		{D52F1EB7-D3D0-47A8-8E1D-63E3B7C73B3D}.Release|Any CPU.ActiveCfg = Release|Any CPU
		{D52F1EB7-D3D0-47A8-8E1D-63E3B7C73B3D}.Release|Any CPU.Build.0 = Release|Any CPU
		{A5F15426-DCC1-4A40-988F-0FB33CED5A4E}.Debug|Any CPU.ActiveCfg = Debug|Any CPU
		{A5F15426-DCC1-4A40-988F-0FB33CED5A4E}.Debug|Any CPU.Build.0 = Debug|Any CPU
		{A5F15426-DCC1-4A40-988F-0FB33CED5A4E}.Release|Any CPU.ActiveCfg = Release|Any CPU
		{A5F15426-DCC1-4A40-988F-0FB33CED5A4E}.Release|Any CPU.Build.0 = Release|Any CPU
		{B208CD6F-1B08-41BB-B72C-D12B2C07E657}.Debug|Any CPU.ActiveCfg = Debug|Any CPU
		{B208CD6F-1B08-41BB-B72C-D12B2C07E657}.Debug|Any CPU.Build.0 = Debug|Any CPU
		{B208CD6F-1B08-41BB-B72C-D12B2C07E657}.Release|Any CPU.ActiveCfg = Release|Any CPU
		{B208CD6F-1B08-41BB-B72C-D12B2C07E657}.Release|Any CPU.Build.0 = Release|Any CPU
		{20ACFC55-C57D-4C55-8BF0-B36DF8C91579}.Debug|Any CPU.ActiveCfg = Debug|Any CPU
		{20ACFC55-C57D-4C55-8BF0-B36DF8C91579}.Debug|Any CPU.Build.0 = Debug|Any CPU
		{20ACFC55-C57D-4C55-8BF0-B36DF8C91579}.Release|Any CPU.ActiveCfg = Release|Any CPU
		{20ACFC55-C57D-4C55-8BF0-B36DF8C91579}.Release|Any CPU.Build.0 = Release|Any CPU
		{A0C15460-2E6B-496F-AFA8-D8D0FAF5C676}.Debug|Any CPU.ActiveCfg = Debug|Any CPU
		{A0C15460-2E6B-496F-AFA8-D8D0FAF5C676}.Debug|Any CPU.Build.0 = Debug|Any CPU
		{A0C15460-2E6B-496F-AFA8-D8D0FAF5C676}.Release|Any CPU.ActiveCfg = Release|Any CPU
		{A0C15460-2E6B-496F-AFA8-D8D0FAF5C676}.Release|Any CPU.Build.0 = Release|Any CPU
		{95FAC928-D0B2-4832-BE99-2324B8417048}.Debug|Any CPU.ActiveCfg = Debug|Any CPU
		{95FAC928-D0B2-4832-BE99-2324B8417048}.Debug|Any CPU.Build.0 = Debug|Any CPU
		{95FAC928-D0B2-4832-BE99-2324B8417048}.Release|Any CPU.ActiveCfg = Release|Any CPU
		{95FAC928-D0B2-4832-BE99-2324B8417048}.Release|Any CPU.Build.0 = Release|Any CPU
	EndGlobalSection
	GlobalSection(SolutionProperties) = preSolution
		HideSolutionNode = FALSE
	EndGlobalSection
	GlobalSection(NestedProjects) = preSolution
		{9B994CAA-0179-4463-AAAB-8A7873D3729C} = {E014ECED-5FCD-4856-965D-460C47F5A722}
		{4BCED6C2-7342-45AC-9A62-8094D01755C9} = {E014ECED-5FCD-4856-965D-460C47F5A722}
		{A8A98759-5DD8-49B6-A148-3C900A6428BB} = {E014ECED-5FCD-4856-965D-460C47F5A722}
		{39DF4251-689D-4852-BBC8-E229DA1F8E5E} = {E014ECED-5FCD-4856-965D-460C47F5A722}
		{A0D700C5-0F22-486D-80DA-C424455AA665} = {E014ECED-5FCD-4856-965D-460C47F5A722}
		{70828D8F-D172-488F-AA32-55F672E10A83} = {E014ECED-5FCD-4856-965D-460C47F5A722}
		{07646449-7B9A-4D7E-A1F1-9BFC59EA735C} = {E014ECED-5FCD-4856-965D-460C47F5A722}
		{5BC6A812-316A-40C6-91DD-3C63AB800003} = {E014ECED-5FCD-4856-965D-460C47F5A722}
		{2B88A88A-23D2-4DA9-A83C-7174932511F0} = {F9823B87-E590-4D38-8A7B-A46889237FF9}
		{CF196249-9561-4036-A86F-A3925811955E} = {24122DC9-5445-467F-8CCC-06674BCA5EDC}
		{5846428A-DF7B-4190-9C2B-E391913C39B5} = {24122DC9-5445-467F-8CCC-06674BCA5EDC}
		{3219C314-604D-4C4A-A543-42E12C4F16C2} = {AC0F0ABE-3346-4395-B898-4B3E03B4F5D3}
		{F785E547-76B0-4418-8138-000E37723F7E} = {E2D9CEC1-821C-4AC0-8EDA-753B62383935}
		{6B567836-F130-4459-97B8-925BCB046F94} = {BD553FB0-EC88-4BCD-8C6D-210266EBFD12}
		{DAFC8868-84BD-4173-9350-A664D0DF8B1A} = {CF196249-9561-4036-A86F-A3925811955E}
		{5EEAA005-0C9F-4352-A91C-1A0C79E5FF19} = {9B994CAA-0179-4463-AAAB-8A7873D3729C}
		{F9D262FF-5C28-42B2-A849-0D1990046AAD} = {4BCED6C2-7342-45AC-9A62-8094D01755C9}
		{679B2C56-6A7F-4280-B733-35BD8949C8EF} = {A8A98759-5DD8-49B6-A148-3C900A6428BB}
		{D52F1EB7-D3D0-47A8-8E1D-63E3B7C73B3D} = {39DF4251-689D-4852-BBC8-E229DA1F8E5E}
		{A5F15426-DCC1-4A40-988F-0FB33CED5A4E} = {A0D700C5-0F22-486D-80DA-C424455AA665}
		{B208CD6F-1B08-41BB-B72C-D12B2C07E657} = {70828D8F-D172-488F-AA32-55F672E10A83}
		{20ACFC55-C57D-4C55-8BF0-B36DF8C91579} = {07646449-7B9A-4D7E-A1F1-9BFC59EA735C}
		{A0C15460-2E6B-496F-AFA8-D8D0FAF5C676} = {5BC6A812-316A-40C6-91DD-3C63AB800003}
		{95FAC928-D0B2-4832-BE99-2324B8417048} = {5846428A-DF7B-4190-9C2B-E391913C39B5}
	EndGlobalSection
EndGlobal
