
Microsoft Visual Studio Solution File, Format Version 12.00
# Visual Studio 2013
VisualStudioVersion = 12.0.21005.1
MinimumVisualStudioVersion = 10.0.40219.1
Project("{2150E333-8FDC-42A3-9474-1A3956D46DE8}") = "Utility", "Utility", "{5DBFE739-C085-4741-AAD4-C5AB4C06BA24}"
EndProject
Project("{2150E333-8FDC-42A3-9474-1A3956D46DE8}") = "Entity", "Entity", "{660FAB3F-AB78-419E-AEB5-F2A305F4B484}"
EndProject
Project("{2150E333-8FDC-42A3-9474-1A3956D46DE8}") = "Service", "Service", "{51BBAF8E-18DC-4519-8525-ED2A6CD7FF69}"
EndProject
Project("{2150E333-8FDC-42A3-9474-1A3956D46DE8}") = "Presentation", "Presentation", "{0A01036D-495E-463D-A95D-63FC2BF9DD09}"
EndProject
Project("{2150E333-8FDC-42A3-9474-1A3956D46DE8}") = "WebUI", "WebUI", "{6A8202C8-42A3-4F31-8021-F231D61E5FD4}"
EndProject
Project("{2150E333-8FDC-42A3-9474-1A3956D46DE8}") = "BusinessLogic", "BusinessLogic", "{A38C3C38-0420-4443-B5AD-4105C663CF9A}"
EndProject
Project("{2150E333-8FDC-42A3-9474-1A3956D46DE8}") = "DataAccess", "DataAccess", "{C634F646-935B-4F5A-947C-C3D187CE8CA4}"
EndProject
Project("{2150E333-8FDC-42A3-9474-1A3956D46DE8}") = "Solution", "Solution", "{43217F6E-D0F8-4549-A0EA-57A0F131192A}"
EndProject
Project("{FAE04EC0-301F-11D3-BF4B-00C04F79EFBC}") = "Tuhui.OH.Entity", "Entity\Tuhui.OH.Entity\Tuhui.OH.Entity.csproj", "{AEE326C9-29A0-4E39-8902-9B958FDE66D6}"
EndProject
Project("{FAE04EC0-301F-11D3-BF4B-00C04F79EFBC}") = "Tuhui.OH.IBusinessLogic", "Interface\Tuhui.OH.IBusinessLogic\Tuhui.OH.IBusinessLogic.csproj", "{7CD9012F-F8B2-49CE-BB20-EC3DED82259F}"
EndProject
Project("{FAE04EC0-301F-11D3-BF4B-00C04F79EFBC}") = "Tuhui.OH.IDataAccess", "Interface\Tuhui.OH.IDataAccess\Tuhui.OH.IDataAccess.csproj", "{A83D4327-9266-43C3-8246-B89BC49E6283}"
EndProject
Project("{FAE04EC0-301F-11D3-BF4B-00C04F79EFBC}") = "Tuhui.OH.BusinessLogic", "Service\Tuhui.OH.BusinessLogic\Tuhui.OH.BusinessLogic.csproj", "{20BF21DB-60D8-4377-A848-7FF5FD9A2947}"
EndProject
Project("{FAE04EC0-301F-11D3-BF4B-00C04F79EFBC}") = "Tuhui.OH.DataAccess", "Service\Tuhui.OH.DataAccess\Tuhui.OH.DataAccess.csproj", "{8483CCFE-9939-43D3-BE69-15E27222F588}"
EndProject
Project("{FAE04EC0-301F-11D3-BF4B-00C04F79EFBC}") = "Tuhui.OH.Utility", "Utility\Tuhui.OH.Utility\Tuhui.OH.Utility.csproj", "{E35644E9-822D-400A-93C7-331651F9D0AA}"
EndProject
Project("{FAE04EC0-301F-11D3-BF4B-00C04F79EFBC}") = "Tuhui.OH.Mvc", "Presentation\WebUI\Tuhui.OH.Mvc\Tuhui.OH.Mvc.csproj", "{469F3D7D-C630-4E8C-A4AF-85058E5260D5}"
EndProject
Project("{FAE04EC0-301F-11D3-BF4B-00C04F79EFBC}") = "Tuhui.OH.WebUI2", "Presentation\WebUI\Tuhui.OH.WebUI2\Tuhui.OH.WebUI2.csproj", "{F3960A89-9E4E-4EE3-8549-0727AE4287A1}"
EndProject
Global
	GlobalSection(SubversionScc) = preSolution
		Svn-Managed = True
		Manager = AnkhSVN - Subversion Support for Visual Studio
	EndGlobalSection
	GlobalSection(SolutionConfigurationPlatforms) = preSolution
		Debug|Any CPU = Debug|Any CPU
		Release|Any CPU = Release|Any CPU
	EndGlobalSection
	GlobalSection(ProjectConfigurationPlatforms) = postSolution
		{AEE326C9-29A0-4E39-8902-9B958FDE66D6}.Debug|Any CPU.ActiveCfg = Debug|Any CPU
		{AEE326C9-29A0-4E39-8902-9B958FDE66D6}.Debug|Any CPU.Build.0 = Debug|Any CPU
		{AEE326C9-29A0-4E39-8902-9B958FDE66D6}.Release|Any CPU.ActiveCfg = Release|Any CPU
		{AEE326C9-29A0-4E39-8902-9B958FDE66D6}.Release|Any CPU.Build.0 = Release|Any CPU
		{7CD9012F-F8B2-49CE-BB20-EC3DED82259F}.Debug|Any CPU.ActiveCfg = Debug|Any CPU
		{7CD9012F-F8B2-49CE-BB20-EC3DED82259F}.Debug|Any CPU.Build.0 = Debug|Any CPU
		{7CD9012F-F8B2-49CE-BB20-EC3DED82259F}.Release|Any CPU.ActiveCfg = Release|Any CPU
		{7CD9012F-F8B2-49CE-BB20-EC3DED82259F}.Release|Any CPU.Build.0 = Release|Any CPU
		{A83D4327-9266-43C3-8246-B89BC49E6283}.Debug|Any CPU.ActiveCfg = Debug|Any CPU
		{A83D4327-9266-43C3-8246-B89BC49E6283}.Debug|Any CPU.Build.0 = Debug|Any CPU
		{A83D4327-9266-43C3-8246-B89BC49E6283}.Release|Any CPU.ActiveCfg = Release|Any CPU
		{A83D4327-9266-43C3-8246-B89BC49E6283}.Release|Any CPU.Build.0 = Release|Any CPU
		{20BF21DB-60D8-4377-A848-7FF5FD9A2947}.Debug|Any CPU.ActiveCfg = Debug|Any CPU
		{20BF21DB-60D8-4377-A848-7FF5FD9A2947}.Debug|Any CPU.Build.0 = Debug|Any CPU
		{20BF21DB-60D8-4377-A848-7FF5FD9A2947}.Release|Any CPU.ActiveCfg = Release|Any CPU
		{20BF21DB-60D8-4377-A848-7FF5FD9A2947}.Release|Any CPU.Build.0 = Release|Any CPU
		{8483CCFE-9939-43D3-BE69-15E27222F588}.Debug|Any CPU.ActiveCfg = Debug|Any CPU
		{8483CCFE-9939-43D3-BE69-15E27222F588}.Debug|Any CPU.Build.0 = Debug|Any CPU
		{8483CCFE-9939-43D3-BE69-15E27222F588}.Release|Any CPU.ActiveCfg = Release|Any CPU
		{8483CCFE-9939-43D3-BE69-15E27222F588}.Release|Any CPU.Build.0 = Release|Any CPU
		{E35644E9-822D-400A-93C7-331651F9D0AA}.Debug|Any CPU.ActiveCfg = Debug|Any CPU
		{E35644E9-822D-400A-93C7-331651F9D0AA}.Debug|Any CPU.Build.0 = Debug|Any CPU
		{E35644E9-822D-400A-93C7-331651F9D0AA}.Release|Any CPU.ActiveCfg = Release|Any CPU
		{E35644E9-822D-400A-93C7-331651F9D0AA}.Release|Any CPU.Build.0 = Release|Any CPU
		{469F3D7D-C630-4E8C-A4AF-85058E5260D5}.Debug|Any CPU.ActiveCfg = Debug|Any CPU
		{469F3D7D-C630-4E8C-A4AF-85058E5260D5}.Debug|Any CPU.Build.0 = Debug|Any CPU
		{469F3D7D-C630-4E8C-A4AF-85058E5260D5}.Release|Any CPU.ActiveCfg = Release|Any CPU
		{469F3D7D-C630-4E8C-A4AF-85058E5260D5}.Release|Any CPU.Build.0 = Release|Any CPU
		{F3960A89-9E4E-4EE3-8549-0727AE4287A1}.Debug|Any CPU.ActiveCfg = Debug|Any CPU
		{F3960A89-9E4E-4EE3-8549-0727AE4287A1}.Debug|Any CPU.Build.0 = Debug|Any CPU
		{F3960A89-9E4E-4EE3-8549-0727AE4287A1}.Release|Any CPU.ActiveCfg = Release|Any CPU
		{F3960A89-9E4E-4EE3-8549-0727AE4287A1}.Release|Any CPU.Build.0 = Release|Any CPU
	EndGlobalSection
	GlobalSection(SolutionProperties) = preSolution
		HideSolutionNode = FALSE
	EndGlobalSection
	GlobalSection(NestedProjects) = preSolution
		{E35644E9-822D-400A-93C7-331651F9D0AA} = {5DBFE739-C085-4741-AAD4-C5AB4C06BA24}
		{AEE326C9-29A0-4E39-8902-9B958FDE66D6} = {660FAB3F-AB78-419E-AEB5-F2A305F4B484}
		{A38C3C38-0420-4443-B5AD-4105C663CF9A} = {51BBAF8E-18DC-4519-8525-ED2A6CD7FF69}
		{C634F646-935B-4F5A-947C-C3D187CE8CA4} = {51BBAF8E-18DC-4519-8525-ED2A6CD7FF69}
		{6A8202C8-42A3-4F31-8021-F231D61E5FD4} = {0A01036D-495E-463D-A95D-63FC2BF9DD09}
		{469F3D7D-C630-4E8C-A4AF-85058E5260D5} = {6A8202C8-42A3-4F31-8021-F231D61E5FD4}
		{F3960A89-9E4E-4EE3-8549-0727AE4287A1} = {6A8202C8-42A3-4F31-8021-F231D61E5FD4}
		{7CD9012F-F8B2-49CE-BB20-EC3DED82259F} = {A38C3C38-0420-4443-B5AD-4105C663CF9A}
		{20BF21DB-60D8-4377-A848-7FF5FD9A2947} = {A38C3C38-0420-4443-B5AD-4105C663CF9A}
		{A83D4327-9266-43C3-8246-B89BC49E6283} = {C634F646-935B-4F5A-947C-C3D187CE8CA4}
		{8483CCFE-9939-43D3-BE69-15E27222F588} = {C634F646-935B-4F5A-947C-C3D187CE8CA4}
	EndGlobalSection
	GlobalSection(TestCaseManagementSettings) = postSolution
		CategoryFile = Tuhui.OH.vsmdi
	EndGlobalSection
EndGlobal
